
Microsoft Visual Studio Solution File, Format Version 12.00
# Visual Studio Version 17
VisualStudioVersion = 17.14.36408.4 d17.14
MinimumVisualStudioVersion = 10.0.40219.1
Project("{2150E333-8FDC-42A3-9474-1A3956D46DE8}") = "docs", "docs", "{02EA681E-C7D8-13C7-8484-4AC65E1B71E8}"
	ProjectSection(SolutionItems) = preProject
		docs\ClassDiagram.drawio = docs\ClassDiagram.drawio
		docs\SubDomains.drawio = docs\SubDomains.drawio
	EndProjectSection
EndProject
Project("{2150E333-8FDC-42A3-9474-1A3956D46DE8}") = "src", "src", "{2DD20C54-65D3-445B-BF42-0DBAF947E6E6}"
EndProject
Project("{2150E333-8FDC-42A3-9474-1A3956D46DE8}") = "Common", "Common", "{68650258-1F12-4170-8122-AB8DE3DEA38B}"
EndProject
Project("{2150E333-8FDC-42A3-9474-1A3956D46DE8}") = "Modules", "Modules", "{E33FE5D0-6BBA-4DCC-A2F8-49810430B1C2}"
EndProject
Project("{2150E333-8FDC-42A3-9474-1A3956D46DE8}") = "Endpoints", "Endpoints", "{EA6B7842-3817-4BAD-B413-5C4507E23A46}"
EndProject
Project("{2150E333-8FDC-42A3-9474-1A3956D46DE8}") = "Blog", "Blog", "{23015A31-2D75-4DE0-B371-79C8BEE425AE}"
EndProject
Project("{FAE04EC0-301F-11D3-BF4B-00C04F79EFBC}") = "BlogModule", "src\Modules\Blog\BlogModule\BlogModule.csproj", "{38D1FEEF-370B-40A6-9932-3010E1202329}"
EndProject
Project("{FAE04EC0-301F-11D3-BF4B-00C04F79EFBC}") = "Common.Domain", "src\Common\Common.Domain\Common.Domain.csproj", "{A33CFB9A-0EB1-4B10-ADCA-8CCA43DF0B30}"
EndProject
Project("{FAE04EC0-301F-11D3-BF4B-00C04F79EFBC}") = "Common.Application", "src\Common\Common.Application\Common.Application.csproj", "{40941DEC-3AFC-4759-B6AF-43F11B43D2CF}"
EndProject
Project("{FAE04EC0-301F-11D3-BF4B-00C04F79EFBC}") = "Common.Infrastructure", "src\Common\Common.Infrastructure\Common.Infrastructure.csproj", "{B66EFBA2-0009-4DD3-BFB0-F2111D0176CD}"
EndProject
Project("{FAE04EC0-301F-11D3-BF4B-00C04F79EFBC}") = "BlogModule.Unit.Test", "src\Modules\Blog\BlogModule.Unit.Test\BlogModule.Unit.Test.csproj", "{2EA0D392-D0C8-4BA8-AEAB-E632DBF0A0AB}"
EndProject
Global
	GlobalSection(SolutionConfigurationPlatforms) = preSolution
		Debug|Any CPU = Debug|Any CPU
		Release|Any CPU = Release|Any CPU
	EndGlobalSection
	GlobalSection(ProjectConfigurationPlatforms) = postSolution
		{38D1FEEF-370B-40A6-9932-3010E1202329}.Debug|Any CPU.ActiveCfg = Debug|Any CPU
		{38D1FEEF-370B-40A6-9932-3010E1202329}.Debug|Any CPU.Build.0 = Debug|Any CPU
		{38D1FEEF-370B-40A6-9932-3010E1202329}.Release|Any CPU.ActiveCfg = Release|Any CPU
		{38D1FEEF-370B-40A6-9932-3010E1202329}.Release|Any CPU.Build.0 = Release|Any CPU
		{A33CFB9A-0EB1-4B10-ADCA-8CCA43DF0B30}.Debug|Any CPU.ActiveCfg = Debug|Any CPU
		{A33CFB9A-0EB1-4B10-ADCA-8CCA43DF0B30}.Debug|Any CPU.Build.0 = Debug|Any CPU
		{A33CFB9A-0EB1-4B10-ADCA-8CCA43DF0B30}.Release|Any CPU.ActiveCfg = Release|Any CPU
		{A33CFB9A-0EB1-4B10-ADCA-8CCA43DF0B30}.Release|Any CPU.Build.0 = Release|Any CPU
		{40941DEC-3AFC-4759-B6AF-43F11B43D2CF}.Debug|Any CPU.ActiveCfg = Debug|Any CPU
		{40941DEC-3AFC-4759-B6AF-43F11B43D2CF}.Debug|Any CPU.Build.0 = Debug|Any CPU
		{40941DEC-3AFC-4759-B6AF-43F11B43D2CF}.Release|Any CPU.ActiveCfg = Release|Any CPU
		{40941DEC-3AFC-4759-B6AF-43F11B43D2CF}.Release|Any CPU.Build.0 = Release|Any CPU
		{B66EFBA2-0009-4DD3-BFB0-F2111D0176CD}.Debug|Any CPU.ActiveCfg = Debug|Any CPU
		{B66EFBA2-0009-4DD3-BFB0-F2111D0176CD}.Debug|Any CPU.Build.0 = Debug|Any CPU
		{B66EFBA2-0009-4DD3-BFB0-F2111D0176CD}.Release|Any CPU.ActiveCfg = Release|Any CPU
		{B66EFBA2-0009-4DD3-BFB0-F2111D0176CD}.Release|Any CPU.Build.0 = Release|Any CPU
		{2EA0D392-D0C8-4BA8-AEAB-E632DBF0A0AB}.Debug|Any CPU.ActiveCfg = Debug|Any CPU
		{2EA0D392-D0C8-4BA8-AEAB-E632DBF0A0AB}.Debug|Any CPU.Build.0 = Debug|Any CPU
		{2EA0D392-D0C8-4BA8-AEAB-E632DBF0A0AB}.Release|Any CPU.ActiveCfg = Release|Any CPU
		{2EA0D392-D0C8-4BA8-AEAB-E632DBF0A0AB}.Release|Any CPU.Build.0 = Release|Any CPU
	EndGlobalSection
	GlobalSection(SolutionProperties) = preSolution
		HideSolutionNode = FALSE
	EndGlobalSection
	GlobalSection(NestedProjects) = preSolution
		{68650258-1F12-4170-8122-AB8DE3DEA38B} = {2DD20C54-65D3-445B-BF42-0DBAF947E6E6}
		{E33FE5D0-6BBA-4DCC-A2F8-49810430B1C2} = {2DD20C54-65D3-445B-BF42-0DBAF947E6E6}
		{EA6B7842-3817-4BAD-B413-5C4507E23A46} = {2DD20C54-65D3-445B-BF42-0DBAF947E6E6}
		{23015A31-2D75-4DE0-B371-79C8BEE425AE} = {E33FE5D0-6BBA-4DCC-A2F8-49810430B1C2}
		{38D1FEEF-370B-40A6-9932-3010E1202329} = {23015A31-2D75-4DE0-B371-79C8BEE425AE}
		{A33CFB9A-0EB1-4B10-ADCA-8CCA43DF0B30} = {68650258-1F12-4170-8122-AB8DE3DEA38B}
		{40941DEC-3AFC-4759-B6AF-43F11B43D2CF} = {68650258-1F12-4170-8122-AB8DE3DEA38B}
		{B66EFBA2-0009-4DD3-BFB0-F2111D0176CD} = {68650258-1F12-4170-8122-AB8DE3DEA38B}
		{2EA0D392-D0C8-4BA8-AEAB-E632DBF0A0AB} = {23015A31-2D75-4DE0-B371-79C8BEE425AE}
	EndGlobalSection
	GlobalSection(ExtensibilityGlobals) = postSolution
		SolutionGuid = {3064DB26-A961-414D-87F6-1C6199AFDA6F}
	EndGlobalSection
EndGlobal
